PODS:
  - FBSnapshotTestCase (2.1.4):
    - FBSnapshotTestCase/SwiftSupport (= 2.1.4)
  - FBSnapshotTestCase/Core (2.1.4)
  - FBSnapshotTestCase/SwiftSupport (2.1.4):
    - FBSnapshotTestCase/Core
  - ZLPermission (0.1.0):
    - ZLPermission/base (= 0.1.0)
    - ZLPermission/bluetooth (= 0.1.0)
    - ZLPermission/calendar (= 0.1.0)
    - ZLPermission/camera (= 0.1.0)
    - ZLPermission/health (= 0.1.0)
    - ZLPermission/location (= 0.1.0)
    - ZLPermission/mediaLibrary (= 0.1.0)
    - ZLPermission/microphone (= 0.1.0)
    - ZLPermission/network (= 0.1.0)
    - ZLPermission/notification (= 0.1.0)
    - ZLPermission/photo (= 0.1.0)
    - ZLPermission/reminders (= 0.1.0)
    - ZLPermission/tracking (= 0.1.0)
  - ZLPermission/base (0.1.0)
  - ZLPermission/bluetooth (0.1.0)
  - ZLPermission/calendar (0.1.0)
  - ZLPermission/camera (0.1.0)
  - ZLPermission/health (0.1.0)
  - ZLPermission/location (0.1.0)
  - ZLPermission/mediaLibrary (0.1.0)
  - ZLPermission/microphone (0.1.0)
  - ZLPermission/network (0.1.0)
  - ZLPermission/notification (0.1.0)
  - ZLPermission/photo (0.1.0)
  - ZLPermission/reminders (0.1.0)
  - ZLPermission/tracking (0.1.0)

DEPENDENCIES:
  - FBSnapshotTestCase
  - ZLPermission (from `../`)

SPEC REPOS:
  trunk:
    - FBSnapshotTestCase

EXTERNAL SOURCES:
  ZLPermission:
    :path: "../"

SPEC CHECKSUMS:
  FBSnapshotTestCase: 094f9f314decbabe373b87cc339bea235a63e07a
  ZLPermission: 6a56e831805111c50c10a1adcec9c9790e113020

PODFILE CHECKSUM: aad86c2bd1400847360d5f93da26bfecba3b6ccc

COCOAPODS: 1.16.2
